{
  "version": 4,
  "terraform_version": "1.0.0",
  "serial": 15,
  "lineage": "2dda8cf5-6355-0f5d-88e4-e46af77ec872",
  "outputs": {},
  "resources": [
    {
      "mode": "managed",
      "type": "azurerm_automation_account",
      "name": "aut-uks-01",
      "provider": "provider[\"registry.terraform.io/hashicorp/azurerm\"]",
      "instances": [
        {
          "schema_version": 0,
          "attributes": {
            "dsc_primary_access_key": "9O9uRiczANccuJGPv/nemYU/60ag/EE/aW/FbTSTVv+w3xO6sP6WIi0RFhMpw5odfqWVN2O5bHCHPmFM1CSEqQ==",
            "dsc_secondary_access_key": "50RIILDosXFcMhUFCIR4CyC/3kN1AT35zCov9yCaAnb1JYh4uJMQkG6BORMy+4MUzuIxaH5GlbXREv89Anz7kQ==",
            "dsc_server_endpoint": "https://7cf0427c-9a0c-45d2-9ccd-8ca173bbcc26.agentsvc.we.azure-automation.net/accounts/7cf0427c-9a0c-45d2-9ccd-8ca173bbcc26",
            "id": "/subscriptions/390c40ff-9a65-44fc-b4a2-698cdcda0ab5/resourceGroups/rsg-uks-conn-patching-prod/providers/Microsoft.Automation/automationAccounts/aut-uks-01",
            "location": "westeurope",
            "name": "aut-uks-01",
            "resource_group_name": "rsg-uks-conn-patching-prod",
            "sku_name": "Basic",
            "tags": {
              "environment": "Production"
            },
            "timeouts": null
          },
          "sensitive_attributes": [],
          "private": "eyJlMmJmYjczMC1lY2FhLTExZTYtOGY4OC0zNDM2M2JjN2M0YzAiOnsiY3JlYXRlIjoxODAwMDAwMDAwMDAwLCJkZWxldGUiOjE4MDAwMDAwMDAwMDAsInJlYWQiOjMwMDAwMDAwMDAwMCwidXBkYXRlIjoxODAwMDAwMDAwMDAwfX0=",
          "dependencies": [
            "azurerm_resource_group.rsgPatch"
          ]
        }
      ]
    },
    {
      "mode": "managed",
      "type": "azurerm_resource_group",
      "name": "rsgNet",
      "provider": "provider[\"registry.terraform.io/hashicorp/azurerm\"]",
      "instances": [
        {
          "schema_version": 0,
          "attributes": {
            "id": "/subscriptions/390c40ff-9a65-44fc-b4a2-698cdcda0ab5/resourceGroups/rsg-uks-conn-net-prod",
            "location": "westeurope",
            "name": "rsg-uks-conn-net-prod",
            "tags": {},
            "timeouts": null
          },
          "sensitive_attributes": [],
          "private": "eyJlMmJmYjczMC1lY2FhLTExZTYtOGY4OC0zNDM2M2JjN2M0YzAiOnsiY3JlYXRlIjo1NDAwMDAwMDAwMDAwLCJkZWxldGUiOjU0MDAwMDAwMDAwMDAsInJlYWQiOjMwMDAwMDAwMDAwMCwidXBkYXRlIjo1NDAwMDAwMDAwMDAwfX0="
        }
      ]
    },
    {
      "mode": "managed",
      "type": "azurerm_resource_group",
      "name": "rsgPatch",
      "provider": "provider[\"registry.terraform.io/hashicorp/azurerm\"]",
      "instances": [
        {
          "schema_version": 0,
          "attributes": {
            "id": "/subscriptions/390c40ff-9a65-44fc-b4a2-698cdcda0ab5/resourceGroups/rsg-uks-conn-patching-prod",
            "location": "westeurope",
            "name": "rsg-uks-conn-patching-prod",
            "tags": {},
            "timeouts": null
          },
          "sensitive_attributes": [],
          "private": "eyJlMmJmYjczMC1lY2FhLTExZTYtOGY4OC0zNDM2M2JjN2M0YzAiOnsiY3JlYXRlIjo1NDAwMDAwMDAwMDAwLCJkZWxldGUiOjU0MDAwMDAwMDAwMDAsInJlYWQiOjMwMDAwMDAwMDAwMCwidXBkYXRlIjo1NDAwMDAwMDAwMDAwfX0="
        }
      ]
    },
    {
      "mode": "managed",
      "type": "azurerm_resource_group",
      "name": "rsgStoaccount",
      "provider": "provider[\"registry.terraform.io/hashicorp/azurerm\"]",
      "instances": [
        {
          "schema_version": 0,
          "attributes": {
            "id": "/subscriptions/390c40ff-9a65-44fc-b4a2-698cdcda0ab5/resourceGroups/rsg-uks-conn-stoacc-prod",
            "location": "westeurope",
            "name": "rsg-uks-conn-stoacc-prod",
            "tags": {},
            "timeouts": null
          },
          "sensitive_attributes": [],
          "private": "eyJlMmJmYjczMC1lY2FhLTExZTYtOGY4OC0zNDM2M2JjN2M0YzAiOnsiY3JlYXRlIjo1NDAwMDAwMDAwMDAwLCJkZWxldGUiOjU0MDAwMDAwMDAwMDAsInJlYWQiOjMwMDAwMDAwMDAwMCwidXBkYXRlIjo1NDAwMDAwMDAwMDAwfX0="
        }
      ]
    },
    {
      "mode": "managed",
      "type": "azurerm_storage_account",
      "name": "terraform",
      "provider": "provider[\"registry.terraform.io/hashicorp/azurerm\"]",
      "instances": [
        {
          "schema_version": 2,
          "attributes": {
            "access_tier": "Hot",
            "account_kind": "StorageV2",
            "account_replication_type": "LRS",
            "account_tier": "Standard",
            "blob_properties": [],
            "custom_domain": [],
            "enable_https_traffic_only": true,
            "id": "/subscriptions/390c40ff-9a65-44fc-b4a2-698cdcda0ab5/resourceGroups/rsg-uks-conn-stoacc-prod/providers/Microsoft.Storage/storageAccounts/rackspace7c970e60",
            "identity": [],
            "is_hns_enabled": false,
            "location": "uksouth",
            "name": "rackspace7c970e60",
            "network_rules": [
              {
                "bypass": [
                  "AzureServices"
                ],
                "default_action": "Allow",
                "ip_rules": [],
                "virtual_network_subnet_ids": []
              }
            ],
            "primary_access_key": "BegnQ9h6/qFyYO0aGvNgL1vTlufJe0J/tgsM9a0EAXcIIPME3VN/CrIvz4C6qVYzw0hj+c2Szaz7KM/advEDxg==",
            "primary_blob_connection_string": "DefaultEndpointsProtocol=https;BlobEndpoint=https://rackspace7c970e60.blob.core.windows.net/;AccountName=rackspace7c970e60;AccountKey=BegnQ9h6/qFyYO0aGvNgL1vTlufJe0J/tgsM9a0EAXcIIPME3VN/CrIvz4C6qVYzw0hj+c2Szaz7KM/advEDxg==",
            "primary_blob_endpoint": "https://rackspace7c970e60.blob.core.windows.net/",
            "primary_blob_host": "rackspace7c970e60.blob.core.windows.net",
            "primary_connection_string": "DefaultEndpointsProtocol=https;AccountName=rackspace7c970e60;AccountKey=BegnQ9h6/qFyYO0aGvNgL1vTlufJe0J/tgsM9a0EAXcIIPME3VN/CrIvz4C6qVYzw0hj+c2Szaz7KM/advEDxg==;EndpointSuffix=core.windows.net",
            "primary_dfs_endpoint": "https://rackspace7c970e60.dfs.core.windows.net/",
            "primary_dfs_host": "rackspace7c970e60.dfs.core.windows.net",
            "primary_file_endpoint": "https://rackspace7c970e60.file.core.windows.net/",
            "primary_file_host": "rackspace7c970e60.file.core.windows.net",
            "primary_location": "uksouth",
            "primary_queue_endpoint": "https://rackspace7c970e60.queue.core.windows.net/",
            "primary_queue_host": "rackspace7c970e60.queue.core.windows.net",
            "primary_table_endpoint": "https://rackspace7c970e60.table.core.windows.net/",
            "primary_table_host": "rackspace7c970e60.table.core.windows.net",
            "primary_web_endpoint": "https://rackspace7c970e60.z33.web.core.windows.net/",
            "primary_web_host": "rackspace7c970e60.z33.web.core.windows.net",
            "queue_properties": [
              {
                "cors_rule": [],
                "hour_metrics": [
                  {
                    "enabled": true,
                    "include_apis": true,
                    "retention_policy_days": 7,
                    "version": "1.0"
                  }
                ],
                "logging": [
                  {
                    "delete": false,
                    "read": false,
                    "retention_policy_days": 0,
                    "version": "1.0",
                    "write": false
                  }
                ],
                "minute_metrics": [
                  {
                    "enabled": false,
                    "include_apis": false,
                    "retention_policy_days": 0,
                    "version": "1.0"
                  }
                ]
              }
            ],
            "resource_group_name": "rsg-uks-conn-stoacc-prod",
            "secondary_access_key": "+EzsebUZDJ9Vsqk7A+Ll9UN0L58YRAE+x+/Yy9hJL0ObgmBI5emVHz+/dhkQA4fVKZ0iz2Secl+L2yxB8CymWA==",
            "secondary_blob_connection_string": "",
            "secondary_blob_endpoint": null,
            "secondary_blob_host": null,
            "secondary_connection_string": "DefaultEndpointsProtocol=https;AccountName=rackspace7c970e60;AccountKey=+EzsebUZDJ9Vsqk7A+Ll9UN0L58YRAE+x+/Yy9hJL0ObgmBI5emVHz+/dhkQA4fVKZ0iz2Secl+L2yxB8CymWA==;EndpointSuffix=core.windows.net",
            "secondary_dfs_endpoint": null,
            "secondary_dfs_host": null,
            "secondary_file_endpoint": null,
            "secondary_file_host": null,
            "secondary_location": "",
            "secondary_queue_endpoint": null,
            "secondary_queue_host": null,
            "secondary_table_endpoint": null,
            "secondary_table_host": null,
            "secondary_web_endpoint": null,
            "secondary_web_host": null,
            "static_website": [],
            "tags": {},
            "timeouts": null
          },
          "sensitive_attributes": [],
          "private": "eyJlMmJmYjczMC1lY2FhLTExZTYtOGY4OC0zNDM2M2JjN2M0YzAiOnsiY3JlYXRlIjozNjAwMDAwMDAwMDAwLCJkZWxldGUiOjM2MDAwMDAwMDAwMDAsInJlYWQiOjMwMDAwMDAwMDAwMCwidXBkYXRlIjozNjAwMDAwMDAwMDAwfSwic2NoZW1hX3ZlcnNpb24iOiIyIn0=",
          "dependencies": [
            "random_id.storage"
          ]
        }
      ]
    },
    {
      "mode": "managed",
      "type": "azurerm_storage_container",
      "name": "terraform",
      "provider": "provider[\"registry.terraform.io/hashicorp/azurerm\"]",
      "instances": [
        {
          "schema_version": 1,
          "attributes": {
            "container_access_type": "private",
            "has_immutability_policy": false,
            "has_legal_hold": false,
            "id": "https://rackspace7c970e60.blob.core.windows.net/terraform",
            "metadata": {},
            "name": "terraform",
            "storage_account_name": "rackspace7c970e60",
            "timeouts": null
          },
          "sensitive_attributes": [],
          "private": "eyJlMmJmYjczMC1lY2FhLTExZTYtOGY4OC0zNDM2M2JjN2M0YzAiOnsiY3JlYXRlIjoxODAwMDAwMDAwMDAwLCJkZWxldGUiOjE4MDAwMDAwMDAwMDAsInJlYWQiOjMwMDAwMDAwMDAwMCwidXBkYXRlIjoxODAwMDAwMDAwMDAwfSwic2NoZW1hX3ZlcnNpb24iOiIxIn0=",
          "dependencies": [
            "azurerm_storage_account.terraform",
            "random_id.storage"
          ]
        }
      ]
    },
    {
      "mode": "managed",
      "type": "random_id",
      "name": "storage",
      "provider": "provider[\"registry.terraform.io/hashicorp/random\"]",
      "instances": [
        {
          "schema_version": 0,
          "attributes": {
            "b64_std": "fJcOYA==",
            "b64_url": "fJcOYA",
            "byte_length": 4,
            "dec": "2090274400",
            "hex": "7c970e60",
            "id": "fJcOYA",
            "keepers": null,
            "prefix": null
          },
          "sensitive_attributes": [],
          "private": "bnVsbA=="
        }
      ]
    }
  ]
}
